
Microsoft Visual Studio Solution File, Format Version 12.00
# Visual Studio Version 17
VisualStudioVersion = 17.2.32630.192
MinimumVisualStudioVersion = 10.0.40219.1
Project("{FAE04EC0-301F-11D3-BF4B-00C04F79EFBC}") = "Manage", "Chemistry\Manage.csproj", "{293B9C3E-FCEC-43EB-9BBB-FD6394B81029}"
EndProject
Project("{FAE04EC0-301F-11D3-BF4B-00C04F79EFBC}") = "DataAccess", "DataAccess\DataAccess.csproj", "{E6DE7372-69CC-4FAF-BB8B-2AF00F06AE31}"
EndProject
Project("{FAE04EC0-301F-11D3-BF4B-00C04F79EFBC}") = "Core", "Core\Core.csproj", "{57F0FF81-EF13-4808-8F92-A0A6ADA6FBC4}"
EndProject
Global
	GlobalSection(SolutionConfigurationPlatforms) = preSolution
		Debug|Any CPU = Debug|Any CPU
		Release|Any CPU = Release|Any CPU
	EndGlobalSection
	GlobalSection(ProjectConfigurationPlatforms) = postSolution
		{293B9C3E-FCEC-43EB-9BBB-FD6394B81029}.Debug|Any CPU.ActiveCfg = Debug|Any CPU
		{293B9C3E-FCEC-43EB-9BBB-FD6394B81029}.Debug|Any CPU.Build.0 = Debug|Any CPU
		{293B9C3E-FCEC-43EB-9BBB-FD6394B81029}.Release|Any CPU.ActiveCfg = Release|Any CPU
		{293B9C3E-FCEC-43EB-9BBB-FD6394B81029}.Release|Any CPU.Build.0 = Release|Any CPU
		{E6DE7372-69CC-4FAF-BB8B-2AF00F06AE31}.Debug|Any CPU.ActiveCfg = Debug|Any CPU
		{E6DE7372-69CC-4FAF-BB8B-2AF00F06AE31}.Debug|Any CPU.Build.0 = Debug|Any CPU
		{E6DE7372-69CC-4FAF-BB8B-2AF00F06AE31}.Release|Any CPU.ActiveCfg = Release|Any CPU
		{E6DE7372-69CC-4FAF-BB8B-2AF00F06AE31}.Release|Any CPU.Build.0 = Release|Any CPU
		{57F0FF81-EF13-4808-8F92-A0A6ADA6FBC4}.Debug|Any CPU.ActiveCfg = Debug|Any CPU
		{57F0FF81-EF13-4808-8F92-A0A6ADA6FBC4}.Debug|Any CPU.Build.0 = Debug|Any CPU
		{57F0FF81-EF13-4808-8F92-A0A6ADA6FBC4}.Release|Any CPU.ActiveCfg = Release|Any CPU
		{57F0FF81-EF13-4808-8F92-A0A6ADA6FBC4}.Release|Any CPU.Build.0 = Release|Any CPU
	EndGlobalSection
	GlobalSection(SolutionProperties) = preSolution
		HideSolutionNode = FALSE
	EndGlobalSection
	GlobalSection(ExtensibilityGlobals) = postSolution
		SolutionGuid = {E6D9026D-14C4-48BA-BE10-3D9C9A08A490}
	EndGlobalSection
EndGlobal
